<?xml version="1.0" encoding="utf-8"?>
<Project ToolsVersion="4.0" xmlns="http://schemas.microsoft.com/developer/msbuild/2003">
  <ItemGroup>
    <Filter Include="Source Files">
      <UniqueIdentifier>{4FC737F1-C7A5-4376-A066-2A32D752A2FF}</UniqueIdentifier>
      <Extensions>cpp;c;cc;cxx;c++;cppm;ixx;def;odl;idl;hpj;bat;asm;asmx</Extensions>
    </Filter>
    <Filter Include="Header Files">
      <UniqueIdentifier>{93995380-89BD-4b04-88EB-625FBE52EBFB}</UniqueIdentifier>
      <Extensions>h;hh;hpp;hxx;h++;hm;inl;inc;ipp;xsd</Extensions>
    </Filter>
    <Filter Include="Resource Files">
      <UniqueIdentifier>{67DA6AB6-F800-4c08-8B7A-83BB121AAD01}</UniqueIdentifier>
      <Extensions>rc;ico;cur;bmp;dlg;rc2;rct;bin;rgs;gif;jpg;jpeg;jpe;resx;tiff;tif;png;wav;mfcribbon-ms</Extensions>
    </Filter>
  </ItemGroup>
  <ItemGroup>
    <ClCompile Include="MenuPrincipal.cpp">
      <Filter>Source Files</Filter>
    </ClCompile>
    <ClCompile Include="ABB.cpp">
      <Filter>Source Files</Filter>
    </ClCompile>
    <ClCompile Include="Funciones.cpp">
      <Filter>Source Files</Filter>
    </ClCompile>
    <ClCompile Include="PopUpMenu.cpp">
      <Filter>Source Files</Filter>
    </ClCompile>
    <ClCompile Include="IconMenu.cpp">
      <Filter>Source Files</Filter>
    </ClCompile>
    <ClCompile Include="AAMedicacion.cpp">
      <Filter>Source Files</Filter>
    </ClCompile>
    <ClCompile Include="AVLMascotas.cpp">
      <Filter>Source Files</Filter>
    </ClCompile>
    <ClCompile Include="BCliente.cpp">
      <Filter>Source Files</Filter>
    </ClCompile>
    <ClCompile Include="RNTratamiento.cpp">
      <Filter>Source Files</Filter>
    </ClCompile>
  </ItemGroup>
  <ItemGroup>
    <ClInclude Include="MenuPrincipal.h">
      <Filter>Header Files</Filter>
    </ClInclude>
    <ClInclude Include="NodoContactos.h">
      <Filter>Header Files</Filter>
    </ClInclude>
    <ClInclude Include="SubMenuLugs.h">
      <Filter>Header Files</Filter>
    </ClInclude>
    <ClInclude Include="SubMenuFact.h">
      <Filter>Header Files</Filter>
    </ClInclude>
    <ClInclude Include="SubMenuSucs.h">
      <Filter>Header Files</Filter>
    </ClInclude>
    <ClInclude Include="SubMenuClts.h">
      <Filter>Header Files</Filter>
    </ClInclude>
    <ClInclude Include="SubMenuClnc.h">
      <Filter>Header Files</Filter>
    </ClInclude>
    <ClInclude Include="PopUpMenu.h">
      <Filter>Header Files</Filter>
    </ClInclude>
    <ClInclude Include="IconMenu.h">
      <Filter>Header Files</Filter>
    </ClInclude>
    <ClInclude Include="AAMedicacion.h">
      <Filter>Header Files</Filter>
    </ClInclude>
    <ClInclude Include="AVLMascotas.h">
      <Filter>Header Files</Filter>
    </ClInclude>
    <ClInclude Include="BCliente.h">
      <Filter>Header Files</Filter>
    </ClInclude>
    <ClInclude Include="BinarioVisitas.h">
      <Filter>Header Files</Filter>
    </ClInclude>
    <ClInclude Include="BinarioCiudades.h">
      <Filter>Header Files</Filter>
    </ClInclude>
    <ClInclude Include="BinarioPaises.h">
      <Filter>Header Files</Filter>
    </ClInclude>
    <ClInclude Include="NodoAAMedicacion.h">
      <Filter>Header Files</Filter>
    </ClInclude>
    <ClInclude Include="NodoAVLMascotas.h">
      <Filter>Header Files</Filter>
    </ClInclude>
    <ClInclude Include="NodoBCliente.h">
      <Filter>Header Files</Filter>
    </ClInclude>
    <ClInclude Include="NodoBinarioVisitas.h">
      <Filter>Header Files</Filter>
    </ClInclude>
    <ClInclude Include="NodoBinarioCiudades.h">
      <Filter>Header Files</Filter>
    </ClInclude>
    <ClInclude Include="NodoBinarioPaises.h">
      <Filter>Header Files</Filter>
    </ClInclude>
    <ClInclude Include="NodoRNTratamiento.h">
      <Filter>Header Files</Filter>
    </ClInclude>
    <ClInclude Include="RNTratamiento.h">
      <Filter>Header Files</Filter>
    </ClInclude>
  </ItemGroup>
</Project>